
Microsoft Visual Studio Solution File, Format Version 12.00
# Visual Studio Version 16
VisualStudioVersion = 16.0.31129.286
MinimumVisualStudioVersion = 10.0.40219.1
Project("{FAE04EC0-301F-11D3-BF4B-00C04F79EFBC}") = "SwizzleMyVectors", "SwizzleMyVectors\SwizzleMyVectors.csproj", "{4F38C2E5-FD17-4C04-B640-0C8EF4801EC9}"
EndProject
Project("{FAE04EC0-301F-11D3-BF4B-00C04F79EFBC}") = "SwizzleMyVectors.Test", "SwizzleMyVectors.Test\SwizzleMyVectors.Test.csproj", "{EE843E37-89CD-4070-BA26-5C40171B1AA1}"
EndProject
Global
	GlobalSection(SolutionConfigurationPlatforms) = preSolution
		Debug|Any CPU = Debug|Any CPU
		Release|Any CPU = Release|Any CPU
	EndGlobalSection
	GlobalSection(ProjectConfigurationPlatforms) = postSolution
		{4F38C2E5-FD17-4C04-B640-0C8EF4801EC9}.Debug|Any CPU.ActiveCfg = Debug|Any CPU
		{4F38C2E5-FD17-4C04-B640-0C8EF4801EC9}.Debug|Any CPU.Build.0 = Debug|Any CPU
		{4F38C2E5-FD17-4C04-B640-0C8EF4801EC9}.Release|Any CPU.ActiveCfg = Release|Any CPU
		{4F38C2E5-FD17-4C04-B640-0C8EF4801EC9}.Release|Any CPU.Build.0 = Release|Any CPU
		{EE843E37-89CD-4070-BA26-5C40171B1AA1}.Debug|Any CPU.ActiveCfg = Debug|Any CPU
		{EE843E37-89CD-4070-BA26-5C40171B1AA1}.Debug|Any CPU.Build.0 = Debug|Any CPU
		{EE843E37-89CD-4070-BA26-5C40171B1AA1}.Release|Any CPU.ActiveCfg = Release|Any CPU
		{EE843E37-89CD-4070-BA26-5C40171B1AA1}.Release|Any CPU.Build.0 = Release|Any CPU
	EndGlobalSection
	GlobalSection(SolutionProperties) = preSolution
		HideSolutionNode = FALSE
	EndGlobalSection
	GlobalSection(ExtensibilityGlobals) = postSolution
		SolutionGuid = {40642306-C063-4D29-97AC-BB088776E7D0}
	EndGlobalSection
EndGlobal
